
Microsoft Visual Studio Solution File, Format Version 12.00
Project("{2150E333-8FDC-42A3-9474-1A3956D46DE8}") = "WatchCollection", "WatchCollection", "{826251A1-B2F5-4FFA-9F80-D449FBBF254E}"
EndProject
Project("{2150E333-8FDC-42A3-9474-1A3956D46DE8}") = "WatchValuation", "WatchValuation", "{62B53EB5-2B1D-404A-B282-CC8AB2F4BD2A}"
EndProject
Project("{FAE04EC0-301F-11D3-BF4B-00C04F79EFBC}") = "WatchCollection.Api.Contracts", "WatchCollection.Api.Contracts\WatchCollection.Api.Contracts.csproj", "{0BE5CE38-E9EA-4A4F-9976-93EA121C3DF3}"
EndProject
Project("{FAE04EC0-301F-11D3-BF4B-00C04F79EFBC}") = "WatchCollection.Domain.Services", "WatchCollection.Domain.Services\WatchCollection.Domain.Services.csproj", "{82D6E367-CB0B-4F33-9BE1-5C3F238DBA11}"
EndProject
Project("{FAE04EC0-301F-11D3-BF4B-00C04F79EFBC}") = "WatchCollection.Domain.Model", "WatchCollection.Domain.Model\WatchCollection.Domain.Model.csproj", "{54F1B26A-31CE-42AC-AD2F-400F252808B9}"
EndProject
Project("{FAE04EC0-301F-11D3-BF4B-00C04F79EFBC}") = "WatchCollection.Storage", "WatchCollection.Storage\WatchCollection.Storage.csproj", "{4AD97904-42D2-4438-B29D-18F04710DC08}"
EndProject
Project("{FAE04EC0-301F-11D3-BF4B-00C04F79EFBC}") = "WatchCollection.Storage.Entities", "WatchCollection.Storage.Entities\WatchCollection.Storage.Entities.csproj", "{8474CFA0-8ADD-428D-BF53-37B6A035F312}"
EndProject
Project("{FAE04EC0-301F-11D3-BF4B-00C04F79EFBC}") = "WatchCollection.Api", "WatchCollection.Api\WatchCollection.Api.csproj", "{358F1C29-EAC3-4D58-92B6-181EF7AA9F1E}"
EndProject
Project("{FAE04EC0-301F-11D3-BF4B-00C04F79EFBC}") = "WatchValuation.Api", "WatchValuation.Api\WatchValuation.Api.csproj", "{B3C59ABF-A59D-423C-A4D7-19CA3BE3B810}"
EndProject
Project("{FAE04EC0-301F-11D3-BF4B-00C04F79EFBC}") = "WatchValuation.Api.Contracts", "WatchValuation.Api.Contracts\WatchValuation.Api.Contracts.csproj", "{CED85333-8DC7-4ED8-9B43-B51348433574}"
EndProject
Project("{FAE04EC0-301F-11D3-BF4B-00C04F79EFBC}") = "WatchValuation.Domain.Services", "WatchValuation.Domain.Services\WatchValuation.Domain.Services.csproj", "{A884303E-80B1-40A0-9DF7-ED2B332F4C15}"
EndProject
Project("{FAE04EC0-301F-11D3-BF4B-00C04F79EFBC}") = "WatchValuation.Storage", "WatchValuation.Storage\WatchValuation.Storage.csproj", "{8BDE572D-0171-400F-8FA4-3146AB1A3CE2}"
EndProject
Project("{FAE04EC0-301F-11D3-BF4B-00C04F79EFBC}") = "WatchValuation.Storage.Records", "WatchValuation.Storage.Records\WatchValuation.Storage.Records.csproj", "{B274637C-654D-4279-B648-1119DDD53A35}"
EndProject
Project("{FAE04EC0-301F-11D3-BF4B-00C04F79EFBC}") = "WatchCollection.Shared", "WatchCollection.Shared\WatchCollection.Shared.csproj", "{BB47A077-9BA8-4623-A46B-CA6CEA4BDABB}"
EndProject
Project("{FAE04EC0-301F-11D3-BF4B-00C04F79EFBC}") = "WatchCollection.Infrastructure", "WatchCollection.Infrastructure\WatchCollection.Infrastructure.csproj", "{792854B5-7F38-4559-AE56-C9553B3C9E97}"
EndProject
Project("{FAE04EC0-301F-11D3-BF4B-00C04F79EFBC}") = "WatchValuation.Infrastructure", "WatchValuation.Infrastructure\WatchValuation.Infrastructure.csproj", "{58848A4F-12CE-45CC-8E0B-DB40144D3A8C}"
EndProject
Project("{2150E333-8FDC-42A3-9474-1A3956D46DE8}") = "IdentityServer", "IdentityServer", "{0BB363DE-58A5-4269-B970-971E5CFFDD22}"
EndProject
Project("{FAE04EC0-301F-11D3-BF4B-00C04F79EFBC}") = "IdentityServer", "IdentityServer\IdentityServer.csproj", "{72C680A9-5445-4C70-81C6-C2A2AF23C14A}"
EndProject
Global
	GlobalSection(SolutionConfigurationPlatforms) = preSolution
		Debug|Any CPU = Debug|Any CPU
		Debug|x64 = Debug|x64
		Debug|x86 = Debug|x86
		Release|Any CPU = Release|Any CPU
		Release|x64 = Release|x64
		Release|x86 = Release|x86
	EndGlobalSection
	GlobalSection(ProjectConfigurationPlatforms) = postSolution
		{0BE5CE38-E9EA-4A4F-9976-93EA121C3DF3}.Debug|Any CPU.ActiveCfg = Debug|Any CPU
		{0BE5CE38-E9EA-4A4F-9976-93EA121C3DF3}.Debug|Any CPU.Build.0 = Debug|Any CPU
		{0BE5CE38-E9EA-4A4F-9976-93EA121C3DF3}.Debug|x64.ActiveCfg = Debug|Any CPU
		{0BE5CE38-E9EA-4A4F-9976-93EA121C3DF3}.Debug|x64.Build.0 = Debug|Any CPU
		{0BE5CE38-E9EA-4A4F-9976-93EA121C3DF3}.Debug|x86.ActiveCfg = Debug|Any CPU
		{0BE5CE38-E9EA-4A4F-9976-93EA121C3DF3}.Debug|x86.Build.0 = Debug|Any CPU
		{0BE5CE38-E9EA-4A4F-9976-93EA121C3DF3}.Release|Any CPU.ActiveCfg = Release|Any CPU
		{0BE5CE38-E9EA-4A4F-9976-93EA121C3DF3}.Release|Any CPU.Build.0 = Release|Any CPU
		{0BE5CE38-E9EA-4A4F-9976-93EA121C3DF3}.Release|x64.ActiveCfg = Release|Any CPU
		{0BE5CE38-E9EA-4A4F-9976-93EA121C3DF3}.Release|x64.Build.0 = Release|Any CPU
		{0BE5CE38-E9EA-4A4F-9976-93EA121C3DF3}.Release|x86.ActiveCfg = Release|Any CPU
		{0BE5CE38-E9EA-4A4F-9976-93EA121C3DF3}.Release|x86.Build.0 = Release|Any CPU
		{82D6E367-CB0B-4F33-9BE1-5C3F238DBA11}.Debug|Any CPU.ActiveCfg = Debug|Any CPU
		{82D6E367-CB0B-4F33-9BE1-5C3F238DBA11}.Debug|Any CPU.Build.0 = Debug|Any CPU
		{82D6E367-CB0B-4F33-9BE1-5C3F238DBA11}.Debug|x64.ActiveCfg = Debug|Any CPU
		{82D6E367-CB0B-4F33-9BE1-5C3F238DBA11}.Debug|x64.Build.0 = Debug|Any CPU
		{82D6E367-CB0B-4F33-9BE1-5C3F238DBA11}.Debug|x86.ActiveCfg = Debug|Any CPU
		{82D6E367-CB0B-4F33-9BE1-5C3F238DBA11}.Debug|x86.Build.0 = Debug|Any CPU
		{82D6E367-CB0B-4F33-9BE1-5C3F238DBA11}.Release|Any CPU.ActiveCfg = Release|Any CPU
		{82D6E367-CB0B-4F33-9BE1-5C3F238DBA11}.Release|Any CPU.Build.0 = Release|Any CPU
		{82D6E367-CB0B-4F33-9BE1-5C3F238DBA11}.Release|x64.ActiveCfg = Release|Any CPU
		{82D6E367-CB0B-4F33-9BE1-5C3F238DBA11}.Release|x64.Build.0 = Release|Any CPU
		{82D6E367-CB0B-4F33-9BE1-5C3F238DBA11}.Release|x86.ActiveCfg = Release|Any CPU
		{82D6E367-CB0B-4F33-9BE1-5C3F238DBA11}.Release|x86.Build.0 = Release|Any CPU
		{54F1B26A-31CE-42AC-AD2F-400F252808B9}.Debug|Any CPU.ActiveCfg = Debug|Any CPU
		{54F1B26A-31CE-42AC-AD2F-400F252808B9}.Debug|Any CPU.Build.0 = Debug|Any CPU
		{54F1B26A-31CE-42AC-AD2F-400F252808B9}.Debug|x64.ActiveCfg = Debug|Any CPU
		{54F1B26A-31CE-42AC-AD2F-400F252808B9}.Debug|x64.Build.0 = Debug|Any CPU
		{54F1B26A-31CE-42AC-AD2F-400F252808B9}.Debug|x86.ActiveCfg = Debug|Any CPU
		{54F1B26A-31CE-42AC-AD2F-400F252808B9}.Debug|x86.Build.0 = Debug|Any CPU
		{54F1B26A-31CE-42AC-AD2F-400F252808B9}.Release|Any CPU.ActiveCfg = Release|Any CPU
		{54F1B26A-31CE-42AC-AD2F-400F252808B9}.Release|Any CPU.Build.0 = Release|Any CPU
		{54F1B26A-31CE-42AC-AD2F-400F252808B9}.Release|x64.ActiveCfg = Release|Any CPU
		{54F1B26A-31CE-42AC-AD2F-400F252808B9}.Release|x64.Build.0 = Release|Any CPU
		{54F1B26A-31CE-42AC-AD2F-400F252808B9}.Release|x86.ActiveCfg = Release|Any CPU
		{54F1B26A-31CE-42AC-AD2F-400F252808B9}.Release|x86.Build.0 = Release|Any CPU
		{4AD97904-42D2-4438-B29D-18F04710DC08}.Debug|Any CPU.ActiveCfg = Debug|Any CPU
		{4AD97904-42D2-4438-B29D-18F04710DC08}.Debug|Any CPU.Build.0 = Debug|Any CPU
		{4AD97904-42D2-4438-B29D-18F04710DC08}.Debug|x64.ActiveCfg = Debug|Any CPU
		{4AD97904-42D2-4438-B29D-18F04710DC08}.Debug|x64.Build.0 = Debug|Any CPU
		{4AD97904-42D2-4438-B29D-18F04710DC08}.Debug|x86.ActiveCfg = Debug|Any CPU
		{4AD97904-42D2-4438-B29D-18F04710DC08}.Debug|x86.Build.0 = Debug|Any CPU
		{4AD97904-42D2-4438-B29D-18F04710DC08}.Release|Any CPU.ActiveCfg = Release|Any CPU
		{4AD97904-42D2-4438-B29D-18F04710DC08}.Release|Any CPU.Build.0 = Release|Any CPU
		{4AD97904-42D2-4438-B29D-18F04710DC08}.Release|x64.ActiveCfg = Release|Any CPU
		{4AD97904-42D2-4438-B29D-18F04710DC08}.Release|x64.Build.0 = Release|Any CPU
		{4AD97904-42D2-4438-B29D-18F04710DC08}.Release|x86.ActiveCfg = Release|Any CPU
		{4AD97904-42D2-4438-B29D-18F04710DC08}.Release|x86.Build.0 = Release|Any CPU
		{8474CFA0-8ADD-428D-BF53-37B6A035F312}.Debug|Any CPU.ActiveCfg = Debug|Any CPU
		{8474CFA0-8ADD-428D-BF53-37B6A035F312}.Debug|Any CPU.Build.0 = Debug|Any CPU
		{8474CFA0-8ADD-428D-BF53-37B6A035F312}.Debug|x64.ActiveCfg = Debug|Any CPU
		{8474CFA0-8ADD-428D-BF53-37B6A035F312}.Debug|x64.Build.0 = Debug|Any CPU
		{8474CFA0-8ADD-428D-BF53-37B6A035F312}.Debug|x86.ActiveCfg = Debug|Any CPU
		{8474CFA0-8ADD-428D-BF53-37B6A035F312}.Debug|x86.Build.0 = Debug|Any CPU
		{8474CFA0-8ADD-428D-BF53-37B6A035F312}.Release|Any CPU.ActiveCfg = Release|Any CPU
		{8474CFA0-8ADD-428D-BF53-37B6A035F312}.Release|Any CPU.Build.0 = Release|Any CPU
		{8474CFA0-8ADD-428D-BF53-37B6A035F312}.Release|x64.ActiveCfg = Release|Any CPU
		{8474CFA0-8ADD-428D-BF53-37B6A035F312}.Release|x64.Build.0 = Release|Any CPU
		{8474CFA0-8ADD-428D-BF53-37B6A035F312}.Release|x86.ActiveCfg = Release|Any CPU
		{8474CFA0-8ADD-428D-BF53-37B6A035F312}.Release|x86.Build.0 = Release|Any CPU
		{358F1C29-EAC3-4D58-92B6-181EF7AA9F1E}.Debug|Any CPU.ActiveCfg = Debug|Any CPU
		{358F1C29-EAC3-4D58-92B6-181EF7AA9F1E}.Debug|Any CPU.Build.0 = Debug|Any CPU
		{358F1C29-EAC3-4D58-92B6-181EF7AA9F1E}.Debug|x64.ActiveCfg = Debug|Any CPU
		{358F1C29-EAC3-4D58-92B6-181EF7AA9F1E}.Debug|x64.Build.0 = Debug|Any CPU
		{358F1C29-EAC3-4D58-92B6-181EF7AA9F1E}.Debug|x86.ActiveCfg = Debug|Any CPU
		{358F1C29-EAC3-4D58-92B6-181EF7AA9F1E}.Debug|x86.Build.0 = Debug|Any CPU
		{358F1C29-EAC3-4D58-92B6-181EF7AA9F1E}.Release|Any CPU.ActiveCfg = Release|Any CPU
		{358F1C29-EAC3-4D58-92B6-181EF7AA9F1E}.Release|Any CPU.Build.0 = Release|Any CPU
		{358F1C29-EAC3-4D58-92B6-181EF7AA9F1E}.Release|x64.ActiveCfg = Release|Any CPU
		{358F1C29-EAC3-4D58-92B6-181EF7AA9F1E}.Release|x64.Build.0 = Release|Any CPU
		{358F1C29-EAC3-4D58-92B6-181EF7AA9F1E}.Release|x86.ActiveCfg = Release|Any CPU
		{358F1C29-EAC3-4D58-92B6-181EF7AA9F1E}.Release|x86.Build.0 = Release|Any CPU
		{B3C59ABF-A59D-423C-A4D7-19CA3BE3B810}.Debug|Any CPU.ActiveCfg = Debug|Any CPU
		{B3C59ABF-A59D-423C-A4D7-19CA3BE3B810}.Debug|Any CPU.Build.0 = Debug|Any CPU
		{B3C59ABF-A59D-423C-A4D7-19CA3BE3B810}.Debug|x64.ActiveCfg = Debug|Any CPU
		{B3C59ABF-A59D-423C-A4D7-19CA3BE3B810}.Debug|x64.Build.0 = Debug|Any CPU
		{B3C59ABF-A59D-423C-A4D7-19CA3BE3B810}.Debug|x86.ActiveCfg = Debug|Any CPU
		{B3C59ABF-A59D-423C-A4D7-19CA3BE3B810}.Debug|x86.Build.0 = Debug|Any CPU
		{B3C59ABF-A59D-423C-A4D7-19CA3BE3B810}.Release|Any CPU.ActiveCfg = Release|Any CPU
		{B3C59ABF-A59D-423C-A4D7-19CA3BE3B810}.Release|Any CPU.Build.0 = Release|Any CPU
		{B3C59ABF-A59D-423C-A4D7-19CA3BE3B810}.Release|x64.ActiveCfg = Release|Any CPU
		{B3C59ABF-A59D-423C-A4D7-19CA3BE3B810}.Release|x64.Build.0 = Release|Any CPU
		{B3C59ABF-A59D-423C-A4D7-19CA3BE3B810}.Release|x86.ActiveCfg = Release|Any CPU
		{B3C59ABF-A59D-423C-A4D7-19CA3BE3B810}.Release|x86.Build.0 = Release|Any CPU
		{CED85333-8DC7-4ED8-9B43-B51348433574}.Debug|Any CPU.ActiveCfg = Debug|Any CPU
		{CED85333-8DC7-4ED8-9B43-B51348433574}.Debug|Any CPU.Build.0 = Debug|Any CPU
		{CED85333-8DC7-4ED8-9B43-B51348433574}.Debug|x64.ActiveCfg = Debug|Any CPU
		{CED85333-8DC7-4ED8-9B43-B51348433574}.Debug|x64.Build.0 = Debug|Any CPU
		{CED85333-8DC7-4ED8-9B43-B51348433574}.Debug|x86.ActiveCfg = Debug|Any CPU
		{CED85333-8DC7-4ED8-9B43-B51348433574}.Debug|x86.Build.0 = Debug|Any CPU
		{CED85333-8DC7-4ED8-9B43-B51348433574}.Release|Any CPU.ActiveCfg = Release|Any CPU
		{CED85333-8DC7-4ED8-9B43-B51348433574}.Release|Any CPU.Build.0 = Release|Any CPU
		{CED85333-8DC7-4ED8-9B43-B51348433574}.Release|x64.ActiveCfg = Release|Any CPU
		{CED85333-8DC7-4ED8-9B43-B51348433574}.Release|x64.Build.0 = Release|Any CPU
		{CED85333-8DC7-4ED8-9B43-B51348433574}.Release|x86.ActiveCfg = Release|Any CPU
		{CED85333-8DC7-4ED8-9B43-B51348433574}.Release|x86.Build.0 = Release|Any CPU
		{A884303E-80B1-40A0-9DF7-ED2B332F4C15}.Debug|Any CPU.ActiveCfg = Debug|Any CPU
		{A884303E-80B1-40A0-9DF7-ED2B332F4C15}.Debug|Any CPU.Build.0 = Debug|Any CPU
		{A884303E-80B1-40A0-9DF7-ED2B332F4C15}.Debug|x64.ActiveCfg = Debug|Any CPU
		{A884303E-80B1-40A0-9DF7-ED2B332F4C15}.Debug|x64.Build.0 = Debug|Any CPU
		{A884303E-80B1-40A0-9DF7-ED2B332F4C15}.Debug|x86.ActiveCfg = Debug|Any CPU
		{A884303E-80B1-40A0-9DF7-ED2B332F4C15}.Debug|x86.Build.0 = Debug|Any CPU
		{A884303E-80B1-40A0-9DF7-ED2B332F4C15}.Release|Any CPU.ActiveCfg = Release|Any CPU
		{A884303E-80B1-40A0-9DF7-ED2B332F4C15}.Release|Any CPU.Build.0 = Release|Any CPU
		{A884303E-80B1-40A0-9DF7-ED2B332F4C15}.Release|x64.ActiveCfg = Release|Any CPU
		{A884303E-80B1-40A0-9DF7-ED2B332F4C15}.Release|x64.Build.0 = Release|Any CPU
		{A884303E-80B1-40A0-9DF7-ED2B332F4C15}.Release|x86.ActiveCfg = Release|Any CPU
		{A884303E-80B1-40A0-9DF7-ED2B332F4C15}.Release|x86.Build.0 = Release|Any CPU
		{8BDE572D-0171-400F-8FA4-3146AB1A3CE2}.Debug|Any CPU.ActiveCfg = Debug|Any CPU
		{8BDE572D-0171-400F-8FA4-3146AB1A3CE2}.Debug|Any CPU.Build.0 = Debug|Any CPU
		{8BDE572D-0171-400F-8FA4-3146AB1A3CE2}.Debug|x64.ActiveCfg = Debug|Any CPU
		{8BDE572D-0171-400F-8FA4-3146AB1A3CE2}.Debug|x64.Build.0 = Debug|Any CPU
		{8BDE572D-0171-400F-8FA4-3146AB1A3CE2}.Debug|x86.ActiveCfg = Debug|Any CPU
		{8BDE572D-0171-400F-8FA4-3146AB1A3CE2}.Debug|x86.Build.0 = Debug|Any CPU
		{8BDE572D-0171-400F-8FA4-3146AB1A3CE2}.Release|Any CPU.ActiveCfg = Release|Any CPU
		{8BDE572D-0171-400F-8FA4-3146AB1A3CE2}.Release|Any CPU.Build.0 = Release|Any CPU
		{8BDE572D-0171-400F-8FA4-3146AB1A3CE2}.Release|x64.ActiveCfg = Release|Any CPU
		{8BDE572D-0171-400F-8FA4-3146AB1A3CE2}.Release|x64.Build.0 = Release|Any CPU
		{8BDE572D-0171-400F-8FA4-3146AB1A3CE2}.Release|x86.ActiveCfg = Release|Any CPU
		{8BDE572D-0171-400F-8FA4-3146AB1A3CE2}.Release|x86.Build.0 = Release|Any CPU
		{B274637C-654D-4279-B648-1119DDD53A35}.Debug|Any CPU.ActiveCfg = Debug|Any CPU
		{B274637C-654D-4279-B648-1119DDD53A35}.Debug|Any CPU.Build.0 = Debug|Any CPU
		{B274637C-654D-4279-B648-1119DDD53A35}.Debug|x64.ActiveCfg = Debug|Any CPU
		{B274637C-654D-4279-B648-1119DDD53A35}.Debug|x64.Build.0 = Debug|Any CPU
		{B274637C-654D-4279-B648-1119DDD53A35}.Debug|x86.ActiveCfg = Debug|Any CPU
		{B274637C-654D-4279-B648-1119DDD53A35}.Debug|x86.Build.0 = Debug|Any CPU
		{B274637C-654D-4279-B648-1119DDD53A35}.Release|Any CPU.ActiveCfg = Release|Any CPU
		{B274637C-654D-4279-B648-1119DDD53A35}.Release|Any CPU.Build.0 = Release|Any CPU
		{B274637C-654D-4279-B648-1119DDD53A35}.Release|x64.ActiveCfg = Release|Any CPU
		{B274637C-654D-4279-B648-1119DDD53A35}.Release|x64.Build.0 = Release|Any CPU
		{B274637C-654D-4279-B648-1119DDD53A35}.Release|x86.ActiveCfg = Release|Any CPU
		{B274637C-654D-4279-B648-1119DDD53A35}.Release|x86.Build.0 = Release|Any CPU
		{BB47A077-9BA8-4623-A46B-CA6CEA4BDABB}.Debug|Any CPU.ActiveCfg = Debug|Any CPU
		{BB47A077-9BA8-4623-A46B-CA6CEA4BDABB}.Debug|Any CPU.Build.0 = Debug|Any CPU
		{BB47A077-9BA8-4623-A46B-CA6CEA4BDABB}.Debug|x64.ActiveCfg = Debug|Any CPU
		{BB47A077-9BA8-4623-A46B-CA6CEA4BDABB}.Debug|x64.Build.0 = Debug|Any CPU
		{BB47A077-9BA8-4623-A46B-CA6CEA4BDABB}.Debug|x86.ActiveCfg = Debug|Any CPU
		{BB47A077-9BA8-4623-A46B-CA6CEA4BDABB}.Debug|x86.Build.0 = Debug|Any CPU
		{BB47A077-9BA8-4623-A46B-CA6CEA4BDABB}.Release|Any CPU.ActiveCfg = Release|Any CPU
		{BB47A077-9BA8-4623-A46B-CA6CEA4BDABB}.Release|Any CPU.Build.0 = Release|Any CPU
		{BB47A077-9BA8-4623-A46B-CA6CEA4BDABB}.Release|x64.ActiveCfg = Release|Any CPU
		{BB47A077-9BA8-4623-A46B-CA6CEA4BDABB}.Release|x64.Build.0 = Release|Any CPU
		{BB47A077-9BA8-4623-A46B-CA6CEA4BDABB}.Release|x86.ActiveCfg = Release|Any CPU
		{BB47A077-9BA8-4623-A46B-CA6CEA4BDABB}.Release|x86.Build.0 = Release|Any CPU
		{792854B5-7F38-4559-AE56-C9553B3C9E97}.Debug|Any CPU.ActiveCfg = Debug|Any CPU
		{792854B5-7F38-4559-AE56-C9553B3C9E97}.Debug|Any CPU.Build.0 = Debug|Any CPU
		{792854B5-7F38-4559-AE56-C9553B3C9E97}.Debug|x64.ActiveCfg = Debug|Any CPU
		{792854B5-7F38-4559-AE56-C9553B3C9E97}.Debug|x64.Build.0 = Debug|Any CPU
		{792854B5-7F38-4559-AE56-C9553B3C9E97}.Debug|x86.ActiveCfg = Debug|Any CPU
		{792854B5-7F38-4559-AE56-C9553B3C9E97}.Debug|x86.Build.0 = Debug|Any CPU
		{792854B5-7F38-4559-AE56-C9553B3C9E97}.Release|Any CPU.ActiveCfg = Release|Any CPU
		{792854B5-7F38-4559-AE56-C9553B3C9E97}.Release|Any CPU.Build.0 = Release|Any CPU
		{792854B5-7F38-4559-AE56-C9553B3C9E97}.Release|x64.ActiveCfg = Release|Any CPU
		{792854B5-7F38-4559-AE56-C9553B3C9E97}.Release|x64.Build.0 = Release|Any CPU
		{792854B5-7F38-4559-AE56-C9553B3C9E97}.Release|x86.ActiveCfg = Release|Any CPU
		{792854B5-7F38-4559-AE56-C9553B3C9E97}.Release|x86.Build.0 = Release|Any CPU
		{58848A4F-12CE-45CC-8E0B-DB40144D3A8C}.Debug|Any CPU.ActiveCfg = Debug|Any CPU
		{58848A4F-12CE-45CC-8E0B-DB40144D3A8C}.Debug|Any CPU.Build.0 = Debug|Any CPU
		{58848A4F-12CE-45CC-8E0B-DB40144D3A8C}.Debug|x64.ActiveCfg = Debug|Any CPU
		{58848A4F-12CE-45CC-8E0B-DB40144D3A8C}.Debug|x64.Build.0 = Debug|Any CPU
		{58848A4F-12CE-45CC-8E0B-DB40144D3A8C}.Debug|x86.ActiveCfg = Debug|Any CPU
		{58848A4F-12CE-45CC-8E0B-DB40144D3A8C}.Debug|x86.Build.0 = Debug|Any CPU
		{58848A4F-12CE-45CC-8E0B-DB40144D3A8C}.Release|Any CPU.ActiveCfg = Release|Any CPU
		{58848A4F-12CE-45CC-8E0B-DB40144D3A8C}.Release|Any CPU.Build.0 = Release|Any CPU
		{58848A4F-12CE-45CC-8E0B-DB40144D3A8C}.Release|x64.ActiveCfg = Release|Any CPU
		{58848A4F-12CE-45CC-8E0B-DB40144D3A8C}.Release|x64.Build.0 = Release|Any CPU
		{58848A4F-12CE-45CC-8E0B-DB40144D3A8C}.Release|x86.ActiveCfg = Release|Any CPU
		{58848A4F-12CE-45CC-8E0B-DB40144D3A8C}.Release|x86.Build.0 = Release|Any CPU
		{72C680A9-5445-4C70-81C6-C2A2AF23C14A}.Debug|Any CPU.ActiveCfg = Debug|Any CPU
		{72C680A9-5445-4C70-81C6-C2A2AF23C14A}.Debug|Any CPU.Build.0 = Debug|Any CPU
		{72C680A9-5445-4C70-81C6-C2A2AF23C14A}.Debug|x64.ActiveCfg = Debug|Any CPU
		{72C680A9-5445-4C70-81C6-C2A2AF23C14A}.Debug|x64.Build.0 = Debug|Any CPU
		{72C680A9-5445-4C70-81C6-C2A2AF23C14A}.Debug|x86.ActiveCfg = Debug|Any CPU
		{72C680A9-5445-4C70-81C6-C2A2AF23C14A}.Debug|x86.Build.0 = Debug|Any CPU
		{72C680A9-5445-4C70-81C6-C2A2AF23C14A}.Release|Any CPU.ActiveCfg = Release|Any CPU
		{72C680A9-5445-4C70-81C6-C2A2AF23C14A}.Release|Any CPU.Build.0 = Release|Any CPU
		{72C680A9-5445-4C70-81C6-C2A2AF23C14A}.Release|x64.ActiveCfg = Release|Any CPU
		{72C680A9-5445-4C70-81C6-C2A2AF23C14A}.Release|x64.Build.0 = Release|Any CPU
		{72C680A9-5445-4C70-81C6-C2A2AF23C14A}.Release|x86.ActiveCfg = Release|Any CPU
		{72C680A9-5445-4C70-81C6-C2A2AF23C14A}.Release|x86.Build.0 = Release|Any CPU
	EndGlobalSection
	GlobalSection(SolutionProperties) = preSolution
		HideSolutionNode = FALSE
	EndGlobalSection
	GlobalSection(NestedProjects) = preSolution
		{0BE5CE38-E9EA-4A4F-9976-93EA121C3DF3} = {826251A1-B2F5-4FFA-9F80-D449FBBF254E}
		{82D6E367-CB0B-4F33-9BE1-5C3F238DBA11} = {826251A1-B2F5-4FFA-9F80-D449FBBF254E}
		{54F1B26A-31CE-42AC-AD2F-400F252808B9} = {826251A1-B2F5-4FFA-9F80-D449FBBF254E}
		{4AD97904-42D2-4438-B29D-18F04710DC08} = {826251A1-B2F5-4FFA-9F80-D449FBBF254E}
		{8474CFA0-8ADD-428D-BF53-37B6A035F312} = {826251A1-B2F5-4FFA-9F80-D449FBBF254E}
		{358F1C29-EAC3-4D58-92B6-181EF7AA9F1E} = {826251A1-B2F5-4FFA-9F80-D449FBBF254E}
		{B3C59ABF-A59D-423C-A4D7-19CA3BE3B810} = {62B53EB5-2B1D-404A-B282-CC8AB2F4BD2A}
		{CED85333-8DC7-4ED8-9B43-B51348433574} = {62B53EB5-2B1D-404A-B282-CC8AB2F4BD2A}
		{A884303E-80B1-40A0-9DF7-ED2B332F4C15} = {62B53EB5-2B1D-404A-B282-CC8AB2F4BD2A}
		{8BDE572D-0171-400F-8FA4-3146AB1A3CE2} = {62B53EB5-2B1D-404A-B282-CC8AB2F4BD2A}
		{B274637C-654D-4279-B648-1119DDD53A35} = {62B53EB5-2B1D-404A-B282-CC8AB2F4BD2A}
		{BB47A077-9BA8-4623-A46B-CA6CEA4BDABB} = {826251A1-B2F5-4FFA-9F80-D449FBBF254E}
		{792854B5-7F38-4559-AE56-C9553B3C9E97} = {826251A1-B2F5-4FFA-9F80-D449FBBF254E}
		{58848A4F-12CE-45CC-8E0B-DB40144D3A8C} = {62B53EB5-2B1D-404A-B282-CC8AB2F4BD2A}
		{72C680A9-5445-4C70-81C6-C2A2AF23C14A} = {0BB363DE-58A5-4269-B970-971E5CFFDD22}
	EndGlobalSection
EndGlobal
