
Microsoft Visual Studio Solution File, Format Version 12.00
Project("{2150E333-8FDC-42A3-9474-1A3956D46DE8}") = "WatchPlatform/Shared", "WatchPlatform/Shared", "{5EBB5F19-683E-4389-BB06-523147C4637B}"
EndProject
Project("{2150E333-8FDC-42A3-9474-1A3956D46DE8}") = "WatchPlatform/IdentityServer", "WatchPlatform/IdentityServer", "{F72C4B82-2B27-49F4-81EA-DFF981D4C5AC}"
EndProject
Project("{2150E333-8FDC-42A3-9474-1A3956D46DE8}") = "WatchPlatform/WatchService", "WatchPlatform/WatchService", "{498B5B59-D67F-4969-B53B-3CCB634CE6AD}"
EndProject
Project("{2150E333-8FDC-42A3-9474-1A3956D46DE8}") = "WatchPlatform/ValuationService", "WatchPlatform/ValuationService", "{D52BB355-5249-4F68-A890-13C8E02DE92D}"
EndProject
Project("{FAE04EC0-301F-11D3-BF4B-00C04F79EFBC}") = "WatchService.Api", "WatchService.Api\WatchService.Api.csproj", "{4E271D23-3C57-43F4-8F23-C6E89262EF88}"
EndProject
Project("{FAE04EC0-301F-11D3-BF4B-00C04F79EFBC}") = "WatchService.Api.Contracts", "WatchService.Api.Contracts\WatchService.Api.Contracts.csproj", "{DA948BDA-3032-4BCF-9848-19345E599C21}"
EndProject
Project("{FAE04EC0-301F-11D3-BF4B-00C04F79EFBC}") = "WatchService.Domain", "WatchService.Domain\WatchService.Domain.csproj", "{51DE5776-02EC-45FB-9EEC-9FBEBBAB4AAE}"
EndProject
Project("{FAE04EC0-301F-11D3-BF4B-00C04F79EFBC}") = "WatchService.Domain.Model", "WatchService.Domain.Model\WatchService.Domain.Model.csproj", "{9136B750-7794-448D-965C-1FED126F1EE2}"
EndProject
Project("{FAE04EC0-301F-11D3-BF4B-00C04F79EFBC}") = "WatchService.Storage.Entities", "WatchService.Storage.Entities\WatchService.Storage.Entities.csproj", "{CB83CD9D-DD03-4A01-81C2-329D14E6ECC1}"
EndProject
Project("{FAE04EC0-301F-11D3-BF4B-00C04F79EFBC}") = "watchService.Storage", "watchService.Storage\watchService.Storage.csproj", "{8C6A7376-666F-4A5C-8DB7-BD36FDE94FBF}"
EndProject
Project("{FAE04EC0-301F-11D3-BF4B-00C04F79EFBC}") = "ValuationService.Api", "ValuationService.Api\ValuationService.Api.csproj", "{028B4E65-A212-47D6-B4C1-3773E530B9A8}"
EndProject
Project("{FAE04EC0-301F-11D3-BF4B-00C04F79EFBC}") = "ValuationService.Api.Contracts", "ValuationService.Api.Contracts\ValuationService.Api.Contracts.csproj", "{C60908D5-2FAA-43AF-8AF2-8622A770620B}"
EndProject
Project("{FAE04EC0-301F-11D3-BF4B-00C04F79EFBC}") = "ValuationService.Domain", "ValuationService.Domain\ValuationService.Domain.csproj", "{439D5587-4E5E-41E4-B43C-3485E9476697}"
EndProject
Project("{FAE04EC0-301F-11D3-BF4B-00C04F79EFBC}") = "ValuationService.Domain.Model", "ValuationService.Domain.Model\ValuationService.Domain.Model.csproj", "{92A4B6E2-4A0D-4A1D-954D-AF5D1CA7551B}"
EndProject
Project("{FAE04EC0-301F-11D3-BF4B-00C04F79EFBC}") = "ValuationService.Storage", "ValuationService.Storage\ValuationService.Storage.csproj", "{DE14394D-FAB9-47FF-B554-7A619566F6C9}"
EndProject
Project("{FAE04EC0-301F-11D3-BF4B-00C04F79EFBC}") = "ValuationService.Storage.Entities", "ValuationService.Storage.Entities\ValuationService.Storage.Entities.csproj", "{1D868CCF-4598-4513-AC8C-958F0A8B4DE8}"
EndProject
Project("{FAE04EC0-301F-11D3-BF4B-00C04F79EFBC}") = "IdentityServer.Api", "IdentityServer.Api\IdentityServer.Api.csproj", "{8F959A86-0870-417E-87E5-E92FF4746873}"
EndProject
Project("{FAE04EC0-301F-11D3-BF4B-00C04F79EFBC}") = "IdentityServer.Api.Contracts", "IdentityServer.Api.Contracts\IdentityServer.Api.Contracts.csproj", "{D4D08A67-14A4-4122-9C1D-77BFAF4A7A88}"
EndProject
Project("{FAE04EC0-301F-11D3-BF4B-00C04F79EFBC}") = "IdentityServer.Domain", "IdentityServer.Domain\IdentityServer.Domain.csproj", "{52FA6BC0-DD50-42CE-B640-7FC742142D09}"
EndProject
Project("{FAE04EC0-301F-11D3-BF4B-00C04F79EFBC}") = "IdentityServer.Domain.Model", "IdentityServer.Domain.Model\IdentityServer.Domain.Model.csproj", "{80EF4DF2-68FC-4AC5-A091-D012235510F6}"
EndProject
Project("{FAE04EC0-301F-11D3-BF4B-00C04F79EFBC}") = "IdentityServer.Storage", "IdentityServer.Storage\IdentityServer.Storage.csproj", "{6816A955-69D8-4CC4-B94C-31A09F25C822}"
EndProject
Project("{FAE04EC0-301F-11D3-BF4B-00C04F79EFBC}") = "IdentityServer.Storage.Entities", "IdentityServer.Storage.Entities\IdentityServer.Storage.Entities.csproj", "{DD810D76-5F26-4556-87FD-07C2B7A050A7}"
EndProject
Global
	GlobalSection(SolutionConfigurationPlatforms) = preSolution
		Debug|Any CPU = Debug|Any CPU
		Release|Any CPU = Release|Any CPU
	EndGlobalSection
	GlobalSection(NestedProjects) = preSolution
		{4E271D23-3C57-43F4-8F23-C6E89262EF88} = {498B5B59-D67F-4969-B53B-3CCB634CE6AD}
		{DA948BDA-3032-4BCF-9848-19345E599C21} = {498B5B59-D67F-4969-B53B-3CCB634CE6AD}
		{51DE5776-02EC-45FB-9EEC-9FBEBBAB4AAE} = {498B5B59-D67F-4969-B53B-3CCB634CE6AD}
		{9136B750-7794-448D-965C-1FED126F1EE2} = {498B5B59-D67F-4969-B53B-3CCB634CE6AD}
		{CB83CD9D-DD03-4A01-81C2-329D14E6ECC1} = {498B5B59-D67F-4969-B53B-3CCB634CE6AD}
		{8C6A7376-666F-4A5C-8DB7-BD36FDE94FBF} = {498B5B59-D67F-4969-B53B-3CCB634CE6AD}
		{028B4E65-A212-47D6-B4C1-3773E530B9A8} = {D52BB355-5249-4F68-A890-13C8E02DE92D}
		{C60908D5-2FAA-43AF-8AF2-8622A770620B} = {D52BB355-5249-4F68-A890-13C8E02DE92D}
		{439D5587-4E5E-41E4-B43C-3485E9476697} = {D52BB355-5249-4F68-A890-13C8E02DE92D}
		{92A4B6E2-4A0D-4A1D-954D-AF5D1CA7551B} = {D52BB355-5249-4F68-A890-13C8E02DE92D}
		{DE14394D-FAB9-47FF-B554-7A619566F6C9} = {D52BB355-5249-4F68-A890-13C8E02DE92D}
		{1D868CCF-4598-4513-AC8C-958F0A8B4DE8} = {D52BB355-5249-4F68-A890-13C8E02DE92D}
		{8F959A86-0870-417E-87E5-E92FF4746873} = {F72C4B82-2B27-49F4-81EA-DFF981D4C5AC}
		{D4D08A67-14A4-4122-9C1D-77BFAF4A7A88} = {F72C4B82-2B27-49F4-81EA-DFF981D4C5AC}
		{52FA6BC0-DD50-42CE-B640-7FC742142D09} = {F72C4B82-2B27-49F4-81EA-DFF981D4C5AC}
		{80EF4DF2-68FC-4AC5-A091-D012235510F6} = {F72C4B82-2B27-49F4-81EA-DFF981D4C5AC}
		{6816A955-69D8-4CC4-B94C-31A09F25C822} = {F72C4B82-2B27-49F4-81EA-DFF981D4C5AC}
		{DD810D76-5F26-4556-87FD-07C2B7A050A7} = {F72C4B82-2B27-49F4-81EA-DFF981D4C5AC}
	EndGlobalSection
	GlobalSection(ProjectConfigurationPlatforms) = postSolution
		{4E271D23-3C57-43F4-8F23-C6E89262EF88}.Debug|Any CPU.ActiveCfg = Debug|Any CPU
		{4E271D23-3C57-43F4-8F23-C6E89262EF88}.Debug|Any CPU.Build.0 = Debug|Any CPU
		{4E271D23-3C57-43F4-8F23-C6E89262EF88}.Release|Any CPU.ActiveCfg = Release|Any CPU
		{4E271D23-3C57-43F4-8F23-C6E89262EF88}.Release|Any CPU.Build.0 = Release|Any CPU
		{DA948BDA-3032-4BCF-9848-19345E599C21}.Debug|Any CPU.ActiveCfg = Debug|Any CPU
		{DA948BDA-3032-4BCF-9848-19345E599C21}.Debug|Any CPU.Build.0 = Debug|Any CPU
		{DA948BDA-3032-4BCF-9848-19345E599C21}.Release|Any CPU.ActiveCfg = Release|Any CPU
		{DA948BDA-3032-4BCF-9848-19345E599C21}.Release|Any CPU.Build.0 = Release|Any CPU
		{51DE5776-02EC-45FB-9EEC-9FBEBBAB4AAE}.Debug|Any CPU.ActiveCfg = Debug|Any CPU
		{51DE5776-02EC-45FB-9EEC-9FBEBBAB4AAE}.Debug|Any CPU.Build.0 = Debug|Any CPU
		{51DE5776-02EC-45FB-9EEC-9FBEBBAB4AAE}.Release|Any CPU.ActiveCfg = Release|Any CPU
		{51DE5776-02EC-45FB-9EEC-9FBEBBAB4AAE}.Release|Any CPU.Build.0 = Release|Any CPU
		{9136B750-7794-448D-965C-1FED126F1EE2}.Debug|Any CPU.ActiveCfg = Debug|Any CPU
		{9136B750-7794-448D-965C-1FED126F1EE2}.Debug|Any CPU.Build.0 = Debug|Any CPU
		{9136B750-7794-448D-965C-1FED126F1EE2}.Release|Any CPU.ActiveCfg = Release|Any CPU
		{9136B750-7794-448D-965C-1FED126F1EE2}.Release|Any CPU.Build.0 = Release|Any CPU
		{CB83CD9D-DD03-4A01-81C2-329D14E6ECC1}.Debug|Any CPU.ActiveCfg = Debug|Any CPU
		{CB83CD9D-DD03-4A01-81C2-329D14E6ECC1}.Debug|Any CPU.Build.0 = Debug|Any CPU
		{CB83CD9D-DD03-4A01-81C2-329D14E6ECC1}.Release|Any CPU.ActiveCfg = Release|Any CPU
		{CB83CD9D-DD03-4A01-81C2-329D14E6ECC1}.Release|Any CPU.Build.0 = Release|Any CPU
		{8C6A7376-666F-4A5C-8DB7-BD36FDE94FBF}.Debug|Any CPU.ActiveCfg = Debug|Any CPU
		{8C6A7376-666F-4A5C-8DB7-BD36FDE94FBF}.Debug|Any CPU.Build.0 = Debug|Any CPU
		{8C6A7376-666F-4A5C-8DB7-BD36FDE94FBF}.Release|Any CPU.ActiveCfg = Release|Any CPU
		{8C6A7376-666F-4A5C-8DB7-BD36FDE94FBF}.Release|Any CPU.Build.0 = Release|Any CPU
		{028B4E65-A212-47D6-B4C1-3773E530B9A8}.Debug|Any CPU.ActiveCfg = Debug|Any CPU
		{028B4E65-A212-47D6-B4C1-3773E530B9A8}.Debug|Any CPU.Build.0 = Debug|Any CPU
		{028B4E65-A212-47D6-B4C1-3773E530B9A8}.Release|Any CPU.ActiveCfg = Release|Any CPU
		{028B4E65-A212-47D6-B4C1-3773E530B9A8}.Release|Any CPU.Build.0 = Release|Any CPU
		{C60908D5-2FAA-43AF-8AF2-8622A770620B}.Debug|Any CPU.ActiveCfg = Debug|Any CPU
		{C60908D5-2FAA-43AF-8AF2-8622A770620B}.Debug|Any CPU.Build.0 = Debug|Any CPU
		{C60908D5-2FAA-43AF-8AF2-8622A770620B}.Release|Any CPU.ActiveCfg = Release|Any CPU
		{C60908D5-2FAA-43AF-8AF2-8622A770620B}.Release|Any CPU.Build.0 = Release|Any CPU
		{439D5587-4E5E-41E4-B43C-3485E9476697}.Debug|Any CPU.ActiveCfg = Debug|Any CPU
		{439D5587-4E5E-41E4-B43C-3485E9476697}.Debug|Any CPU.Build.0 = Debug|Any CPU
		{439D5587-4E5E-41E4-B43C-3485E9476697}.Release|Any CPU.ActiveCfg = Release|Any CPU
		{439D5587-4E5E-41E4-B43C-3485E9476697}.Release|Any CPU.Build.0 = Release|Any CPU
		{92A4B6E2-4A0D-4A1D-954D-AF5D1CA7551B}.Debug|Any CPU.ActiveCfg = Debug|Any CPU
		{92A4B6E2-4A0D-4A1D-954D-AF5D1CA7551B}.Debug|Any CPU.Build.0 = Debug|Any CPU
		{92A4B6E2-4A0D-4A1D-954D-AF5D1CA7551B}.Release|Any CPU.ActiveCfg = Release|Any CPU
		{92A4B6E2-4A0D-4A1D-954D-AF5D1CA7551B}.Release|Any CPU.Build.0 = Release|Any CPU
		{DE14394D-FAB9-47FF-B554-7A619566F6C9}.Debug|Any CPU.ActiveCfg = Debug|Any CPU
		{DE14394D-FAB9-47FF-B554-7A619566F6C9}.Debug|Any CPU.Build.0 = Debug|Any CPU
		{DE14394D-FAB9-47FF-B554-7A619566F6C9}.Release|Any CPU.ActiveCfg = Release|Any CPU
		{DE14394D-FAB9-47FF-B554-7A619566F6C9}.Release|Any CPU.Build.0 = Release|Any CPU
		{1D868CCF-4598-4513-AC8C-958F0A8B4DE8}.Debug|Any CPU.ActiveCfg = Debug|Any CPU
		{1D868CCF-4598-4513-AC8C-958F0A8B4DE8}.Debug|Any CPU.Build.0 = Debug|Any CPU
		{1D868CCF-4598-4513-AC8C-958F0A8B4DE8}.Release|Any CPU.ActiveCfg = Release|Any CPU
		{1D868CCF-4598-4513-AC8C-958F0A8B4DE8}.Release|Any CPU.Build.0 = Release|Any CPU
		{8F959A86-0870-417E-87E5-E92FF4746873}.Debug|Any CPU.ActiveCfg = Debug|Any CPU
		{8F959A86-0870-417E-87E5-E92FF4746873}.Debug|Any CPU.Build.0 = Debug|Any CPU
		{8F959A86-0870-417E-87E5-E92FF4746873}.Release|Any CPU.ActiveCfg = Release|Any CPU
		{8F959A86-0870-417E-87E5-E92FF4746873}.Release|Any CPU.Build.0 = Release|Any CPU
		{D4D08A67-14A4-4122-9C1D-77BFAF4A7A88}.Debug|Any CPU.ActiveCfg = Debug|Any CPU
		{D4D08A67-14A4-4122-9C1D-77BFAF4A7A88}.Debug|Any CPU.Build.0 = Debug|Any CPU
		{D4D08A67-14A4-4122-9C1D-77BFAF4A7A88}.Release|Any CPU.ActiveCfg = Release|Any CPU
		{D4D08A67-14A4-4122-9C1D-77BFAF4A7A88}.Release|Any CPU.Build.0 = Release|Any CPU
		{52FA6BC0-DD50-42CE-B640-7FC742142D09}.Debug|Any CPU.ActiveCfg = Debug|Any CPU
		{52FA6BC0-DD50-42CE-B640-7FC742142D09}.Debug|Any CPU.Build.0 = Debug|Any CPU
		{52FA6BC0-DD50-42CE-B640-7FC742142D09}.Release|Any CPU.ActiveCfg = Release|Any CPU
		{52FA6BC0-DD50-42CE-B640-7FC742142D09}.Release|Any CPU.Build.0 = Release|Any CPU
		{80EF4DF2-68FC-4AC5-A091-D012235510F6}.Debug|Any CPU.ActiveCfg = Debug|Any CPU
		{80EF4DF2-68FC-4AC5-A091-D012235510F6}.Debug|Any CPU.Build.0 = Debug|Any CPU
		{80EF4DF2-68FC-4AC5-A091-D012235510F6}.Release|Any CPU.ActiveCfg = Release|Any CPU
		{80EF4DF2-68FC-4AC5-A091-D012235510F6}.Release|Any CPU.Build.0 = Release|Any CPU
		{6816A955-69D8-4CC4-B94C-31A09F25C822}.Debug|Any CPU.ActiveCfg = Debug|Any CPU
		{6816A955-69D8-4CC4-B94C-31A09F25C822}.Debug|Any CPU.Build.0 = Debug|Any CPU
		{6816A955-69D8-4CC4-B94C-31A09F25C822}.Release|Any CPU.ActiveCfg = Release|Any CPU
		{6816A955-69D8-4CC4-B94C-31A09F25C822}.Release|Any CPU.Build.0 = Release|Any CPU
		{DD810D76-5F26-4556-87FD-07C2B7A050A7}.Debug|Any CPU.ActiveCfg = Debug|Any CPU
		{DD810D76-5F26-4556-87FD-07C2B7A050A7}.Debug|Any CPU.Build.0 = Debug|Any CPU
		{DD810D76-5F26-4556-87FD-07C2B7A050A7}.Release|Any CPU.ActiveCfg = Release|Any CPU
		{DD810D76-5F26-4556-87FD-07C2B7A050A7}.Release|Any CPU.Build.0 = Release|Any CPU
	EndGlobalSection
EndGlobal
